
Microsoft Visual Studio Solution File, Format Version 12.00
# Visual Studio 15
VisualStudioVersion = 15.0.28010.2048
MinimumVisualStudioVersion = 10.0.40219.1
Project("{2150E333-8FDC-42A3-9474-1A3956D46DE8}") = "Src", "Src", "{A10C7DA8-26D5-4395-9FAF-7D77CF2E8060}"
EndProject
Project("{2150E333-8FDC-42A3-9474-1A3956D46DE8}") = "PresentationLayer", "PresentationLayer", "{BFFE2564-8CDD-42D2-9925-D3E110EFA692}"
EndProject
Project("{2150E333-8FDC-42A3-9474-1A3956D46DE8}") = "BusinessLogicLayer", "BusinessLogicLayer", "{87A6C012-63FA-4C4E-B0CC-C10C3784C982}"
EndProject
Project("{2150E333-8FDC-42A3-9474-1A3956D46DE8}") = "DataAccessLayer", "DataAccessLayer", "{14A193C5-32A2-4897-A939-76ABD55BD861}"
EndProject
Project("{FAE04EC0-301F-11D3-BF4B-00C04F79EFBC}") = "BusinessLogicLayer.Entities", "BusinessLogicLayer.Entities\BusinessLogicLayer.Entities.csproj", "{FF06E1EA-D02D-41A7-942A-DCB5D64D6BB2}"
EndProject
Project("{FAE04EC0-301F-11D3-BF4B-00C04F79EFBC}") = "PresentationLayer.GUI", "PresentationLayer.GUI\PresentationLayer.GUI.csproj", "{1697614E-AE15-45F0-A48B-6531F7CD5B64}"
EndProject
Project("{FAE04EC0-301F-11D3-BF4B-00C04F79EFBC}") = "BusinessLogicLayer.Services", "BusinessLogicLayer.Services\BusinessLogicLayer.Services.csproj", "{B42246DD-C2AA-448F-9618-876F6D1AE2CD}"
EndProject
Project("{FAE04EC0-301F-11D3-BF4B-00C04F79EFBC}") = "DataAccessLayer.Persistance", "DataAccessLayer.Persistance\DataAccessLayer.Persistance.csproj", "{A7B17C28-D4BD-4364-9509-E0E246575D0B}"
EndProject
Project("{FAE04EC0-301F-11D3-BF4B-00C04F79EFBC}") = "DataAccessLayer.Serialization", "DataAccessLayer.Serialization\DataAccessLayer.Serialization.csproj", "{6367F3FA-12C2-4416-9CF1-1772B35F1B24}"
EndProject
Project("{2150E333-8FDC-42A3-9474-1A3956D46DE8}") = "Storage", "Storage", "{9C808A23-F831-4F61-9A26-AB929FC07C84}"
	ProjectSection(SolutionItems) = preProject
		Doctors.xml = Doctors.xml
		Patients.xml = Patients.xml
	EndProjectSection
EndProject
Global
	GlobalSection(SolutionConfigurationPlatforms) = preSolution
		Debug|Any CPU = Debug|Any CPU
		Release|Any CPU = Release|Any CPU
	EndGlobalSection
	GlobalSection(ProjectConfigurationPlatforms) = postSolution
		{FF06E1EA-D02D-41A7-942A-DCB5D64D6BB2}.Debug|Any CPU.ActiveCfg = Debug|Any CPU
		{FF06E1EA-D02D-41A7-942A-DCB5D64D6BB2}.Debug|Any CPU.Build.0 = Debug|Any CPU
		{FF06E1EA-D02D-41A7-942A-DCB5D64D6BB2}.Release|Any CPU.ActiveCfg = Release|Any CPU
		{FF06E1EA-D02D-41A7-942A-DCB5D64D6BB2}.Release|Any CPU.Build.0 = Release|Any CPU
		{1697614E-AE15-45F0-A48B-6531F7CD5B64}.Debug|Any CPU.ActiveCfg = Debug|Any CPU
		{1697614E-AE15-45F0-A48B-6531F7CD5B64}.Debug|Any CPU.Build.0 = Debug|Any CPU
		{1697614E-AE15-45F0-A48B-6531F7CD5B64}.Release|Any CPU.ActiveCfg = Release|Any CPU
		{1697614E-AE15-45F0-A48B-6531F7CD5B64}.Release|Any CPU.Build.0 = Release|Any CPU
		{B42246DD-C2AA-448F-9618-876F6D1AE2CD}.Debug|Any CPU.ActiveCfg = Debug|Any CPU
		{B42246DD-C2AA-448F-9618-876F6D1AE2CD}.Debug|Any CPU.Build.0 = Debug|Any CPU
		{B42246DD-C2AA-448F-9618-876F6D1AE2CD}.Release|Any CPU.ActiveCfg = Release|Any CPU
		{B42246DD-C2AA-448F-9618-876F6D1AE2CD}.Release|Any CPU.Build.0 = Release|Any CPU
		{A7B17C28-D4BD-4364-9509-E0E246575D0B}.Debug|Any CPU.ActiveCfg = Debug|Any CPU
		{A7B17C28-D4BD-4364-9509-E0E246575D0B}.Debug|Any CPU.Build.0 = Debug|Any CPU
		{A7B17C28-D4BD-4364-9509-E0E246575D0B}.Release|Any CPU.ActiveCfg = Release|Any CPU
		{A7B17C28-D4BD-4364-9509-E0E246575D0B}.Release|Any CPU.Build.0 = Release|Any CPU
		{6367F3FA-12C2-4416-9CF1-1772B35F1B24}.Debug|Any CPU.ActiveCfg = Debug|Any CPU
		{6367F3FA-12C2-4416-9CF1-1772B35F1B24}.Debug|Any CPU.Build.0 = Debug|Any CPU
		{6367F3FA-12C2-4416-9CF1-1772B35F1B24}.Release|Any CPU.ActiveCfg = Release|Any CPU
		{6367F3FA-12C2-4416-9CF1-1772B35F1B24}.Release|Any CPU.Build.0 = Release|Any CPU
	EndGlobalSection
	GlobalSection(SolutionProperties) = preSolution
		HideSolutionNode = FALSE
	EndGlobalSection
	GlobalSection(NestedProjects) = preSolution
		{BFFE2564-8CDD-42D2-9925-D3E110EFA692} = {A10C7DA8-26D5-4395-9FAF-7D77CF2E8060}
		{87A6C012-63FA-4C4E-B0CC-C10C3784C982} = {A10C7DA8-26D5-4395-9FAF-7D77CF2E8060}
		{14A193C5-32A2-4897-A939-76ABD55BD861} = {A10C7DA8-26D5-4395-9FAF-7D77CF2E8060}
		{FF06E1EA-D02D-41A7-942A-DCB5D64D6BB2} = {87A6C012-63FA-4C4E-B0CC-C10C3784C982}
		{1697614E-AE15-45F0-A48B-6531F7CD5B64} = {BFFE2564-8CDD-42D2-9925-D3E110EFA692}
		{B42246DD-C2AA-448F-9618-876F6D1AE2CD} = {87A6C012-63FA-4C4E-B0CC-C10C3784C982}
		{A7B17C28-D4BD-4364-9509-E0E246575D0B} = {14A193C5-32A2-4897-A939-76ABD55BD861}
		{6367F3FA-12C2-4416-9CF1-1772B35F1B24} = {14A193C5-32A2-4897-A939-76ABD55BD861}
	EndGlobalSection
	GlobalSection(ExtensibilityGlobals) = postSolution
		SolutionGuid = {A996C837-7048-4DFF-ACBA-97F6D5AE3595}
	EndGlobalSection
EndGlobal
